
Microsoft Visual Studio Solution File, Format Version 12.00
# Visual Studio 15
VisualStudioVersion = 15.0.28307.1758
MinimumVisualStudioVersion = 10.0.40219.1
Project("{FAE04EC0-301F-11D3-BF4B-00C04F79EFBC}") = "Axro_domashka_4_1_correct", "Axro_domashka_4_1_correct\Axro_domashka_4_1_correct.csproj", "{6E0FB01E-7BEA-4BB7-BB60-63F7315102CA}"
EndProject
Global
	GlobalSection(SolutionConfigurationPlatforms) = preSolution
		Debug|Any CPU = Debug|Any CPU
		Release|Any CPU = Release|Any CPU
	EndGlobalSection
	GlobalSection(ProjectConfigurationPlatforms) = postSolution
		{6E0FB01E-7BEA-4BB7-BB60-63F7315102CA}.Debug|Any CPU.ActiveCfg = Debug|Any CPU
		{6E0FB01E-7BEA-4BB7-BB60-63F7315102CA}.Debug|Any CPU.Build.0 = Debug|Any CPU
		{6E0FB01E-7BEA-4BB7-BB60-63F7315102CA}.Release|Any CPU.ActiveCfg = Release|Any CPU
		{6E0FB01E-7BEA-4BB7-BB60-63F7315102CA}.Release|Any CPU.Build.0 = Release|Any CPU
	EndGlobalSection
	GlobalSection(SolutionProperties) = preSolution
		HideSolutionNode = FALSE
	EndGlobalSection
	GlobalSection(ExtensibilityGlobals) = postSolution
		SolutionGuid = {52431938-23BA-4989-9A93-2E23867F0282}
	EndGlobalSection
EndGlobal
